
Microsoft Visual Studio Solution File, Format Version 12.00
# Visual Studio 2015
Project("{FAE04EC0-301F-11D3-BF4B-00C04F79EFBC}") = "ParkingCars", "ParkingCars.csproj", "{3950BE57-E4C1-3514-786B-0AD83258C073}"
EndProject
Project("{FAE04EC0-301F-11D3-BF4B-00C04F79EFBC}") = "ParkingCars.Editor", "ParkingCars.Editor.csproj", "{A2752866-F9BB-E2BC-3323-AD2F328E70E1}"
EndProject
Global
	GlobalSection(SolutionConfigurationPlatforms) = preSolution
		Debug|Any CPU = Debug|Any CPU
		Release|Any CPU = Release|Any CPU
	EndGlobalSection
	GlobalSection(ProjectConfigurationPlatforms) = postSolution
		{3950BE57-E4C1-3514-786B-0AD83258C073}.Debug|Any CPU.ActiveCfg = Debug|Any CPU
		{3950BE57-E4C1-3514-786B-0AD83258C073}.Debug|Any CPU.Build.0 = Debug|Any CPU
		{3950BE57-E4C1-3514-786B-0AD83258C073}.Release|Any CPU.ActiveCfg = Release|Any CPU
		{3950BE57-E4C1-3514-786B-0AD83258C073}.Release|Any CPU.Build.0 = Release|Any CPU
		{A2752866-F9BB-E2BC-3323-AD2F328E70E1}.Debug|Any CPU.ActiveCfg = Debug|Any CPU
		{A2752866-F9BB-E2BC-3323-AD2F328E70E1}.Debug|Any CPU.Build.0 = Debug|Any CPU
		{A2752866-F9BB-E2BC-3323-AD2F328E70E1}.Release|Any CPU.ActiveCfg = Release|Any CPU
		{A2752866-F9BB-E2BC-3323-AD2F328E70E1}.Release|Any CPU.Build.0 = Release|Any CPU
	EndGlobalSection
	GlobalSection(SolutionProperties) = preSolution
		HideSolutionNode = FALSE
	EndGlobalSection
EndGlobal
